hash: aa2e32de8dc6f122756802200eec7ff801809e86186c1581fd034b082261e894
updated: 2017-03-29T14:50:32.9054672-04:00
imports:
- name: github.com/aws/aws-sdk-go
  version: 069aafcbf0db604407291f9acc76c6b69fc99e0e
  subpackages:
  - aws
  - aws/awserr
  - aws/awsutil
  - aws/client/metadata
  - aws/credentials
  - aws/endpoints
  - aws/request
  - aws/signer/v4
  - private/protocol/rest
- name: github.com/go-ini/ini
  version: 6e4869b434bd001f6983749881c7ead3545887d8
- name: github.com/jmespath/go-jmespath
  version: bd40a432e4c76585ef6b72d3fd96fb9b6dc7b68d
- name: github.com/smartystreets/go-aws-auth
  version: 2043e6d0bb7e4c18464a7bba562acbe482e3cabd
- name: golang.org/x/net
  version: a333c534c871727fb95745870e8b98a69447f2ce
  subpackages:
  - context
  - context/ctxhttp
- name: gopkg.in/olivere/elastic.v5
  version: cf4e58efdcee2e8e7c18dad44d51ed166fb256c2
  subpackages:
  - uritemplates
testImports: []
